
Microsoft Visual Studio Solution File, Format Version 12.00
# Visual Studio Version 17
VisualStudioVersion = 17.5.33424.131
MinimumVisualStudioVersion = 10.0.40219.1
Project("{FAE04EC0-301F-11D3-BF4B-00C04F79EFBC}") = "ChangeIPDcom", "ChangeIPDcom\ChangeIPDcom.csproj", "{8452532E-FD1D-48EA-8729-0FFB6C87FD9D}"
EndProject
Global
	GlobalSection(SolutionConfigurationPlatforms) = preSolution
		Debug|Any CPU = Debug|Any CPU
		Release|Any CPU = Release|Any CPU
	EndGlobalSection
	GlobalSection(ProjectConfigurationPlatforms) = postSolution
		{8452532E-FD1D-48EA-8729-0FFB6C87FD9D}.Debug|Any CPU.ActiveCfg = Debug|Any CPU
		{8452532E-FD1D-48EA-8729-0FFB6C87FD9D}.Debug|Any CPU.Build.0 = Debug|Any CPU
		{8452532E-FD1D-48EA-8729-0FFB6C87FD9D}.Release|Any CPU.ActiveCfg = Release|Any CPU
		{8452532E-FD1D-48EA-8729-0FFB6C87FD9D}.Release|Any CPU.Build.0 = Release|Any CPU
	EndGlobalSection
	GlobalSection(SolutionProperties) = preSolution
		HideSolutionNode = FALSE
	EndGlobalSection
	GlobalSection(ExtensibilityGlobals) = postSolution
		SolutionGuid = {1C0F8888-29C2-47DD-A74F-985E16511BC0}
	EndGlobalSection
EndGlobal
